
Microsoft Visual Studio Solution File, Format Version 12.00
# Visual Studio Version 16
VisualStudioVersion = 16.0.31019.35
MinimumVisualStudioVersion = 10.0.40219.1
Project("{FAE04EC0-301F-11D3-BF4B-00C04F79EFBC}") = "WPF_HelloWorld", "WPF_HelloWorld.csproj", "{0DA6FAD6-1DFC-492F-B4DE-9EA787A9B041}"
EndProject
Global
	GlobalSection(SolutionConfigurationPlatforms) = preSolution
		Debug|Any CPU = Debug|Any CPU
		Release|Any CPU = Release|Any CPU
	EndGlobalSection
	GlobalSection(ProjectConfigurationPlatforms) = postSolution
		{0DA6FAD6-1DFC-492F-B4DE-9EA787A9B041}.Debug|Any CPU.ActiveCfg = Debug|Any CPU
		{0DA6FAD6-1DFC-492F-B4DE-9EA787A9B041}.Debug|Any CPU.Build.0 = Debug|Any CPU
		{0DA6FAD6-1DFC-492F-B4DE-9EA787A9B041}.Release|Any CPU.ActiveCfg = Release|Any CPU
		{0DA6FAD6-1DFC-492F-B4DE-9EA787A9B041}.Release|Any CPU.Build.0 = Release|Any CPU
	EndGlobalSection
	GlobalSection(SolutionProperties) = preSolution
		HideSolutionNode = FALSE
	EndGlobalSection
	GlobalSection(ExtensibilityGlobals) = postSolution
		SolutionGuid = {DF36998B-5104-4793-9396-C8E6AC04B293}
	EndGlobalSection
EndGlobal
